
Microsoft Visual Studio Solution File, Format Version 12.00
# Visual Studio Version 17
VisualStudioVersion = 17.7.34031.279
MinimumVisualStudioVersion = 10.0.40219.1
Project("{FAE04EC0-301F-11D3-BF4B-00C04F79EFBC}") = "BlipApp", "BlipApp\BlipApp.csproj", "{2512ADE5-B08A-47B8-9A0A-AD1E6BDB6CB4}"
EndProject
Global
	GlobalSection(SolutionConfigurationPlatforms) = preSolution
		Debug|Any CPU = Debug|Any CPU
		Release|Any CPU = Release|Any CPU
	EndGlobalSection
	GlobalSection(ProjectConfigurationPlatforms) = postSolution
		{2512ADE5-B08A-47B8-9A0A-AD1E6BDB6CB4}.Debug|Any CPU.ActiveCfg = Debug|Any CPU
		{2512ADE5-B08A-47B8-9A0A-AD1E6BDB6CB4}.Debug|Any CPU.Build.0 = Debug|Any CPU
		{2512ADE5-B08A-47B8-9A0A-AD1E6BDB6CB4}.Release|Any CPU.ActiveCfg = Release|Any CPU
		{2512ADE5-B08A-47B8-9A0A-AD1E6BDB6CB4}.Release|Any CPU.Build.0 = Release|Any CPU
	EndGlobalSection
	GlobalSection(SolutionProperties) = preSolution
		HideSolutionNode = FALSE
	EndGlobalSection
	GlobalSection(ExtensibilityGlobals) = postSolution
		SolutionGuid = {DB1ABE43-12B7-49C6-8CE4-8C308E2E0CDD}
	EndGlobalSection
EndGlobal
